// !$*UTF8*$!
{
	archiveVersion = 1;
	classes = {
	};
	objectVersion = 52;
	objects = {

/* Begin PBXBuildFile section */
		8B7CDCF7258FD81D00C6908B /* Tests_iOS.swift in Sources */ = {isa = PBXBuildFile; fileRef = 8B7CDCF6258FD81D00C6908B /* Tests_iOS.swift */; };
		8B7CDD02258FD81D00C6908B /* Tests_macOS.swift in Sources */ = {isa = PBXBuildFile; fileRef = 8B7CDD01258FD81D00C6908B /* Tests_macOS.swift */; };
		8B7CDD04258FD81D00C6908B /* simsApp.swift in Sources */ = {isa = PBXBuildFile; fileRef = 8B7CDCDB258FD81C00C6908B /* simsApp.swift */; };
		8B7CDD05258FD81D00C6908B /* simsApp.swift in Sources */ = {isa = PBXBuildFile; fileRef = 8B7CDCDB258FD81C00C6908B /* simsApp.swift */; };
		8B7CDD06258FD81D00C6908B /* ContentView.swift in Sources */ = {isa = PBXBuildFile; fileRef = 8B7CDCDC258FD81C00C6908B /* ContentView.swift */; };
		8B7CDD07258FD81D00C6908B /* ContentView.swift in Sources */ = {isa = PBXBuildFile; fileRef = 8B7CDCDC258FD81C00C6908B /* ContentView.swift */; };
		8B7CDD08258FD81D00C6908B /* Assets.xcassets in Resources */ = {isa = PBXBuildFile; fileRef = 8B7CDCDD258FD81D00C6908B /* Assets.xcassets */; };
		8B7CDD09258FD81D00C6908B /* Assets.xcassets in Resources */ = {isa = PBXBuildFile; fileRef = 8B7CDCDD258FD81D00C6908B /* Assets.xcassets */; };
		8B7CDD1E25916AFE00C6908B /* SwiftUICharts in Frameworks */ = {isa = PBXBuildFile; productRef = 8B7CDD1D25916AFE00C6908B /* SwiftUICharts */; };
		8B7CDD5D259328C600C6908B /* Alamofire in Frameworks */ = {isa = PBXBuildFile; productRef = 8B7CDD5C259328C600C6908B /* Alamofire */; };
		951E824D25ACDFF900F14815 /* GraphView.swift in Sources */ = {isa = PBXBuildFile; fileRef = 951E824C25ACDFF900F14815 /* GraphView.swift */; };
		951E825325ACED4100F14815 /* NetworkManager.swift in Sources */ = {isa = PBXBuildFile; fileRef = 951E825225ACED4100F14815 /* NetworkManager.swift */; };
		951E825925ACED7600F14815 /* Response.swift in Sources */ = {isa = PBXBuildFile; fileRef = 951E825825ACED7600F14815 /* Response.swift */; };
		953079F825ACC0E100914EDE /* Home.swift in Sources */ = {isa = PBXBuildFile; fileRef = 953079F725ACC0E100914EDE /* Home.swift */; };
		953079FD25ACC1FB00914EDE /* Home.swift in Sources */ = {isa = PBXBuildFile; fileRef = 953079F725ACC0E100914EDE /* Home.swift */; };
		95307A0325ACC20900914EDE /* DataExplorer.swift in Sources */ = {isa = PBXBuildFile; fileRef = 95307A0225ACC20900914EDE /* DataExplorer.swift */; };
		95307A0925ACC25E00914EDE /* About.swift in Sources */ = {isa = PBXBuildFile; fileRef = 95307A0825ACC25E00914EDE /* About.swift */; };
		95307A0F25ACC29000914EDE /* ScreenCard.swift in Sources */ = {isa = PBXBuildFile; fileRef = 95307A0E25ACC29000914EDE /* ScreenCard.swift */; };
		95307A1625ACC6C400914EDE /* nasalization-rg.ttf in Resources */ = {isa = PBXBuildFile; fileRef = 95307A1525ACC6C400914EDE /* nasalization-rg.ttf */; };
		95307A1F25ACC7B800914EDE /* nasalization-rg.ttf in Resources */ = {isa = PBXBuildFile; fileRef = 95307A1525ACC6C400914EDE /* nasalization-rg.ttf */; };
		95307A3125ACD02A00914EDE /* MapView.swift in Sources */ = {isa = PBXBuildFile; fileRef = 95307A3025ACD02A00914EDE /* MapView.swift */; };
/* End PBXBuildFile section */

/* Begin PBXContainerItemProxy section */
		8B7CDCF3258FD81D00C6908B /* PBXContainerItemProxy */ = {
			isa = PBXContainerItemProxy;
			containerPortal = 8B7CDCD6258FD81C00C6908B /* Project object */;
			proxyType = 1;
			remoteGlobalIDString = 8B7CDCE1258FD81D00C6908B;
			remoteInfo = "sims (iOS)";
		};
		8B7CDCFE258FD81D00C6908B /* PBXContainerItemProxy */ = {
			isa = PBXContainerItemProxy;
			containerPortal = 8B7CDCD6258FD81C00C6908B /* Project object */;
			proxyType = 1;
			remoteGlobalIDString = 8B7CDCE9258FD81D00C6908B;
			remoteInfo = "sims (macOS)";
		};
/* End PBXContainerItemProxy section */

/* Begin PBXFileReference section */
		8B7CDCDB258FD81C00C6908B /* simsApp.swift */ = {isa = PBXFileReference; lastKnownFileType = sourcecode.swift; path = simsApp.swift; sourceTree = "<group>"; };
		8B7CDCDC258FD81C00C6908B /* ContentView.swift */ = {isa = PBXFileReference; lastKnownFileType = sourcecode.swift; path = ContentView.swift; sourceTree = "<group>"; };
		8B7CDCDD258FD81D00C6908B /* Assets.xcassets */ = {isa = PBXFileReference; lastKnownFileType = folder.assetcatalog; path = Assets.xcassets; sourceTree = "<group>"; };
		8B7CDCE2258FD81D00C6908B /* sims.app */ = {isa = PBXFileReference; explicitFileType = wrapper.application; includeInIndex = 0; path = sims.app; sourceTree = BUILT_PRODUCTS_DIR; };
		8B7CDCE5258FD81D00C6908B /* Info.plist */ = {isa = PBXFileReference; lastKnownFileType = text.plist.xml; path = Info.plist; sourceTree = "<group>"; };
		8B7CDCEA258FD81D00C6908B /* sims.app */ = {isa = PBXFileReference; explicitFileType = wrapper.application; includeInIndex = 0; path = sims.app; sourceTree = BUILT_PRODUCTS_DIR; };
		8B7CDCEC258FD81D00C6908B /* Info.plist */ = {isa = PBXFileReference; lastKnownFileType = text.plist.xml; path = Info.plist; sourceTree = "<group>"; };
		8B7CDCED258FD81D00C6908B /* macOS.entitlements */ = {isa = PBXFileReference; lastKnownFileType = text.plist.entitlements; path = macOS.entitlements; sourceTree = "<group>"; };
		8B7CDCF2258FD81D00C6908B /* Tests iOS.xctest */ = {isa = PBXFileReference; explicitFileType = wrapper.cfbundle; includeInIndex = 0; path = "Tests iOS.xctest"; sourceTree = BUILT_PRODUCTS_DIR; };
		8B7CDCF6258FD81D00C6908B /* Tests_iOS.swift */ = {isa = PBXFileReference; lastKnownFileType = sourcecode.swift; path = Tests_iOS.swift; sourceTree = "<group>"; };
		8B7CDCF8258FD81D00C6908B /* Info.plist */ = {isa = PBXFileReference; lastKnownFileType = text.plist.xml; path = Info.plist; sourceTree = "<group>"; };
		8B7CDCFD258FD81D00C6908B /* Tests macOS.xctest */ = {isa = PBXFileReference; explicitFileType = wrapper.cfbundle; includeInIndex = 0; path = "Tests macOS.xctest"; sourceTree = BUILT_PRODUCTS_DIR; };
		8B7CDD01258FD81D00C6908B /* Tests_macOS.swift */ = {isa = PBXFileReference; lastKnownFileType = sourcecode.swift; path = Tests_macOS.swift; sourceTree = "<group>"; };
		8B7CDD03258FD81D00C6908B /* Info.plist */ = {isa = PBXFileReference; lastKnownFileType = text.plist.xml; path = Info.plist; sourceTree = "<group>"; };
		951E824C25ACDFF900F14815 /* GraphView.swift */ = {isa = PBXFileReference; lastKnownFileType = sourcecode.swift; path = GraphView.swift; sourceTree = "<group>"; };
		951E825225ACED4100F14815 /* NetworkManager.swift */ = {isa = PBXFileReference; lastKnownFileType = sourcecode.swift; path = NetworkManager.swift; sourceTree = "<group>"; };
		951E825825ACED7600F14815 /* Response.swift */ = {isa = PBXFileReference; lastKnownFileType = sourcecode.swift; path = Response.swift; sourceTree = "<group>"; };
		953079F725ACC0E100914EDE /* Home.swift */ = {isa = PBXFileReference; lastKnownFileType = sourcecode.swift; path = Home.swift; sourceTree = "<group>"; };
		95307A0225ACC20900914EDE /* DataExplorer.swift */ = {isa = PBXFileReference; lastKnownFileType = sourcecode.swift; path = DataExplorer.swift; sourceTree = "<group>"; };
		95307A0825ACC25E00914EDE /* About.swift */ = {isa = PBXFileReference; lastKnownFileType = sourcecode.swift; path = About.swift; sourceTree = "<group>"; };
		95307A0E25ACC29000914EDE /* ScreenCard.swift */ = {isa = PBXFileReference; lastKnownFileType = sourcecode.swift; path = ScreenCard.swift; sourceTree = "<group>"; };
		95307A1525ACC6C400914EDE /* nasalization-rg.ttf */ = {isa = PBXFileReference; lastKnownFileType = file; path = "nasalization-rg.ttf"; sourceTree = "<group>"; };
		95307A3025ACD02A00914EDE /* MapView.swift */ = {isa = PBXFileReference; lastKnownFileType = sourcecode.swift; path = MapView.swift; sourceTree = "<group>"; };
/* End PBXFileReference section */

/* Begin PBXFrameworksBuildPhase section */
		8B7CDCDF258FD81D00C6908B /* Frameworks */ = {
			isa = PBXFrameworksBuildPhase;
			buildActionMask = 2147483647;
			files = (
				8B7CDD1E25916AFE00C6908B /* SwiftUICharts in Frameworks */,
				8B7CDD5D259328C600C6908B /* Alamofire in Frameworks */,
			);
			runOnlyForDeploymentPostprocessing = 0;
		};
		8B7CDCE7258FD81D00C6908B /* Frameworks */ = {
			isa = PBXFrameworksBuildPhase;
			buildActionMask = 2147483647;
			files = (
			);
			runOnlyForDeploymentPostprocessing = 0;
		};
		8B7CDCEF258FD81D00C6908B /* Frameworks */ = {
			isa = PBXFrameworksBuildPhase;
			buildActionMask = 2147483647;
			files = (
			);
			runOnlyForDeploymentPostprocessing = 0;
		};
		8B7CDCFA258FD81D00C6908B /* Frameworks */ = {
			isa = PBXFrameworksBuildPhase;
			buildActionMask = 2147483647;
			files = (
			);
			runOnlyForDeploymentPostprocessing = 0;
		};
/* End PBXFrameworksBuildPhase section */

/* Begin PBXGroup section */
		8B7CDCD5258FD81C00C6908B = {
			isa = PBXGroup;
			children = (
				8B7CDCDA258FD81C00C6908B /* Shared */,
				8B7CDCE4258FD81D00C6908B /* iOS */,
				8B7CDCEB258FD81D00C6908B /* macOS */,
				8B7CDCF5258FD81D00C6908B /* Tests iOS */,
				8B7CDD00258FD81D00C6908B /* Tests macOS */,
				8B7CDCE3258FD81D00C6908B /* Products */,
			);
			sourceTree = "<group>";
		};
		8B7CDCDA258FD81C00C6908B /* Shared */ = {
			isa = PBXGroup;
			children = (
				953079F525ACC05A00914EDE /* Networking */,
				953079F425ACC05700914EDE /* Views */,
				953079F325ACC04A00914EDE /* Screens */,
				8B7CDCDB258FD81C00C6908B /* simsApp.swift */,
				8B7CDCDC258FD81C00C6908B /* ContentView.swift */,
				953079F725ACC0E100914EDE /* Home.swift */,
				8B7CDCDD258FD81D00C6908B /* Assets.xcassets */,
				95307A1425ACC69A00914EDE /* Fonts */,
			);
			path = Shared;
			sourceTree = "<group>";
		};
		8B7CDCE3258FD81D00C6908B /* Products */ = {
			isa = PBXGroup;
			children = (
				8B7CDCE2258FD81D00C6908B /* sims.app */,
				8B7CDCEA258FD81D00C6908B /* sims.app */,
				8B7CDCF2258FD81D00C6908B /* Tests iOS.xctest */,
				8B7CDCFD258FD81D00C6908B /* Tests macOS.xctest */,
			);
			name = Products;
			sourceTree = "<group>";
		};
		8B7CDCE4258FD81D00C6908B /* iOS */ = {
			isa = PBXGroup;
			children = (
				8B7CDCE5258FD81D00C6908B /* Info.plist */,
			);
			path = iOS;
			sourceTree = "<group>";
		};
		8B7CDCEB258FD81D00C6908B /* macOS */ = {
			isa = PBXGroup;
			children = (
				8B7CDCEC258FD81D00C6908B /* Info.plist */,
				8B7CDCED258FD81D00C6908B /* macOS.entitlements */,
			);
			path = macOS;
			sourceTree = "<group>";
		};
		8B7CDCF5258FD81D00C6908B /* Tests iOS */ = {
			isa = PBXGroup;
			children = (
				8B7CDCF6258FD81D00C6908B /* Tests_iOS.swift */,
				8B7CDCF8258FD81D00C6908B /* Info.plist */,
			);
			path = "Tests iOS";
			sourceTree = "<group>";
		};
		8B7CDD00258FD81D00C6908B /* Tests macOS */ = {
			isa = PBXGroup;
			children = (
				8B7CDD01258FD81D00C6908B /* Tests_macOS.swift */,
				8B7CDD03258FD81D00C6908B /* Info.plist */,
			);
			path = "Tests macOS";
			sourceTree = "<group>";
		};
		953079F325ACC04A00914EDE /* Screens */ = {
			isa = PBXGroup;
			children = (
				95307A0225ACC20900914EDE /* DataExplorer.swift */,
				95307A0825ACC25E00914EDE /* About.swift */,
			);
			path = Screens;
			sourceTree = "<group>";
		};
		953079F425ACC05700914EDE /* Views */ = {
			isa = PBXGroup;
			children = (
				95307A0E25ACC29000914EDE /* ScreenCard.swift */,
				95307A3025ACD02A00914EDE /* MapView.swift */,
				951E824C25ACDFF900F14815 /* GraphView.swift */,
			);
			path = Views;
			sourceTree = "<group>";
		};
		953079F525ACC05A00914EDE /* Networking */ = {
			isa = PBXGroup;
			children = (
				953079F625ACC06000914EDE /* Models */,
				951E825225ACED4100F14815 /* NetworkManager.swift */,
			);
			path = Networking;
			sourceTree = "<group>";
		};
		953079F625ACC06000914EDE /* Models */ = {
			isa = PBXGroup;
			children = (
				951E825825ACED7600F14815 /* Response.swift */,
			);
			path = Models;
			sourceTree = "<group>";
		};
		95307A1425ACC69A00914EDE /* Fonts */ = {
			isa = PBXGroup;
			children = (
				95307A1525ACC6C400914EDE /* nasalization-rg.ttf */,
			);
			path = Fonts;
			sourceTree = "<group>";
		};
/* End PBXGroup section */

/* Begin PBXNativeTarget section */
		8B7CDCE1258FD81D00C6908B /* sims (iOS) */ = {
			isa = PBXNativeTarget;
			buildConfigurationList = 8B7CDD0C258FD81D00C6908B /* Build configuration list for PBXNativeTarget "sims (iOS)" */;
			buildPhases = (
				8B7CDCDE258FD81D00C6908B /* Sources */,
				8B7CDCDF258FD81D00C6908B /* Frameworks */,
				8B7CDCE0258FD81D00C6908B /* Resources */,
			);
			buildRules = (
			);
			dependencies = (
			);
			name = "sims (iOS)";
			packageProductDependencies = (
				8B7CDD1D25916AFE00C6908B /* SwiftUICharts */,
				8B7CDD5C259328C600C6908B /* Alamofire */,
			);
			productName = "sims (iOS)";
			productReference = 8B7CDCE2258FD81D00C6908B /* sims.app */;
			productType = "com.apple.product-type.application";
		};
		8B7CDCE9258FD81D00C6908B /* sims (macOS) */ = {
			isa = PBXNativeTarget;
			buildConfigurationList = 8B7CDD0F258FD81D00C6908B /* Build configuration list for PBXNativeTarget "sims (macOS)" */;
			buildPhases = (
				8B7CDCE6258FD81D00C6908B /* Sources */,
				8B7CDCE7258FD81D00C6908B /* Frameworks */,
				8B7CDCE8258FD81D00C6908B /* Resources */,
			);
			buildRules = (
			);
			dependencies = (
			);
			name = "sims (macOS)";
			productName = "sims (macOS)";
			productReference = 8B7CDCEA258FD81D00C6908B /* sims.app */;
			productType = "com.apple.product-type.application";
		};
		8B7CDCF1258FD81D00C6908B /* Tests iOS */ = {
			isa = PBXNativeTarget;
			buildConfigurationList = 8B7CDD12258FD81D00C6908B /* Build configuration list for PBXNativeTarget "Tests iOS" */;
			buildPhases = (
				8B7CDCEE258FD81D00C6908B /* Sources */,
				8B7CDCEF258FD81D00C6908B /* Frameworks */,
				8B7CDCF0258FD81D00C6908B /* Resources */,
			);
			buildRules = (
			);
			dependencies = (
				8B7CDCF4258FD81D00C6908B /* PBXTargetDependency */,
			);
			name = "Tests iOS";
			productName = "Tests iOS";
			productReference = 8B7CDCF2258FD81D00C6908B /* Tests iOS.xctest */;
			productType = "com.apple.product-type.bundle.ui-testing";
		};
		8B7CDCFC258FD81D00C6908B /* Tests macOS */ = {
			isa = PBXNativeTarget;
			buildConfigurationList = 8B7CDD15258FD81D00C6908B /* Build configuration list for PBXNativeTarget "Tests macOS" */;
			buildPhases = (
				8B7CDCF9258FD81D00C6908B /* Sources */,
				8B7CDCFA258FD81D00C6908B /* Frameworks */,
				8B7CDCFB258FD81D00C6908B /* Resources */,
			);
			buildRules = (
			);
			dependencies = (
				8B7CDCFF258FD81D00C6908B /* PBXTargetDependency */,
			);
			name = "Tests macOS";
			productName = "Tests macOS";
			productReference = 8B7CDCFD258FD81D00C6908B /* Tests macOS.xctest */;
			productType = "com.apple.product-type.bundle.ui-testing";
		};
/* End PBXNativeTarget section */

/* Begin PBXProject section */
		8B7CDCD6258FD81C00C6908B /* Project object */ = {
			isa = PBXProject;
			attributes = {
				LastSwiftUpdateCheck = 1230;
				LastUpgradeCheck = 1230;
				TargetAttributes = {
					8B7CDCE1258FD81D00C6908B = {
						CreatedOnToolsVersion = 12.3;
					};
					8B7CDCE9258FD81D00C6908B = {
						CreatedOnToolsVersion = 12.3;
					};
					8B7CDCF1258FD81D00C6908B = {
						CreatedOnToolsVersion = 12.3;
						TestTargetID = 8B7CDCE1258FD81D00C6908B;
					};
					8B7CDCFC258FD81D00C6908B = {
						CreatedOnToolsVersion = 12.3;
						TestTargetID = 8B7CDCE9258FD81D00C6908B;
					};
				};
			};
			buildConfigurationList = 8B7CDCD9258FD81C00C6908B /* Build configuration list for PBXProject "sims" */;
			compatibilityVersion = "Xcode 9.3";
			developmentRegion = en;
			hasScannedForEncodings = 0;
			knownRegions = (
				en,
				Base,
			);
			mainGroup = 8B7CDCD5258FD81C00C6908B;
			packageReferences = (
				8B7CDD1C25916AFE00C6908B /* XCRemoteSwiftPackageReference "ChartView" */,
				8B7CDD5B259328C600C6908B /* XCRemoteSwiftPackageReference "Alamofire" */,
			);
			productRefGroup = 8B7CDCE3258FD81D00C6908B /* Products */;
			projectDirPath = "";
			projectRoot = "";
			targets = (
				8B7CDCE1258FD81D00C6908B /* sims (iOS) */,
				8B7CDCE9258FD81D00C6908B /* sims (macOS) */,
				8B7CDCF1258FD81D00C6908B /* Tests iOS */,
				8B7CDCFC258FD81D00C6908B /* Tests macOS */,
			);
		};
/* End PBXProject section */

/* Begin PBXResourcesBuildPhase section */
		8B7CDCE0258FD81D00C6908B /* Resources */ = {
			isa = PBXResourcesBuildPhase;
			buildActionMask = 2147483647;
			files = (
				95307A1625ACC6C400914EDE /* nasalization-rg.ttf in Resources */,
				8B7CDD08258FD81D00C6908B /* Assets.xcassets in Resources */,
			);
			runOnlyForDeploymentPostprocessing = 0;
		};
		8B7CDCE8258FD81D00C6908B /* Resources */ = {
			isa = PBXResourcesBuildPhase;
			buildActionMask = 2147483647;
			files = (
				95307A1F25ACC7B800914EDE /* nasalization-rg.ttf in Resources */,
				8B7CDD09258FD81D00C6908B /* Assets.xcassets in Resources */,
			);
			runOnlyForDeploymentPostprocessing = 0;
		};
		8B7CDCF0258FD81D00C6908B /* Resources */ = {
			isa = PBXResourcesBuildPhase;
			buildActionMask = 2147483647;
			files = (
			);
			runOnlyForDeploymentPostprocessing = 0;
		};
		8B7CDCFB258FD81D00C6908B /* Resources */ = {
			isa = PBXResourcesBuildPhase;
			buildActionMask = 2147483647;
			files = (
			);
			runOnlyForDeploymentPostprocessing = 0;
		};
/* End PBXResourcesBuildPhase section */

/* Begin PBXSourcesBuildPhase section */
		8B7CDCDE258FD81D00C6908B /* Sources */ = {
			isa = PBXSourcesBuildPhase;
			buildActionMask = 2147483647;
			files = (
				951E825325ACED4100F14815 /* NetworkManager.swift in Sources */,
				95307A3125ACD02A00914EDE /* MapView.swift in Sources */,
				95307A0925ACC25E00914EDE /* About.swift in Sources */,
				95307A0F25ACC29000914EDE /* ScreenCard.swift in Sources */,
				951E825925ACED7600F14815 /* Response.swift in Sources */,
				8B7CDD06258FD81D00C6908B /* ContentView.swift in Sources */,
				95307A0325ACC20900914EDE /* DataExplorer.swift in Sources */,
				953079F825ACC0E100914EDE /* Home.swift in Sources */,
				8B7CDD04258FD81D00C6908B /* simsApp.swift in Sources */,
				951E824D25ACDFF900F14815 /* GraphView.swift in Sources */,
			);
			runOnlyForDeploymentPostprocessing = 0;
		};
		8B7CDCE6258FD81D00C6908B /* Sources */ = {
			isa = PBXSourcesBuildPhase;
			buildActionMask = 2147483647;
			files = (
				8B7CDD07258FD81D00C6908B /* ContentView.swift in Sources */,
				953079FD25ACC1FB00914EDE /* Home.swift in Sources */,
				8B7CDD05258FD81D00C6908B /* simsApp.swift in Sources */,
			);
			runOnlyForDeploymentPostprocessing = 0;
		};
		8B7CDCEE258FD81D00C6908B /* Sources */ = {
			isa = PBXSourcesBuildPhase;
			buildActionMask = 2147483647;
			files = (
				8B7CDCF7258FD81D00C6908B /* Tests_iOS.swift in Sources */,
			);
			runOnlyForDeploymentPostprocessing = 0;
		};
		8B7CDCF9258FD81D00C6908B /* Sources */ = {
			isa = PBXSourcesBuildPhase;
			buildActionMask = 2147483647;
			files = (
				8B7CDD02258FD81D00C6908B /* Tests_macOS.swift in Sources */,
			);
			runOnlyForDeploymentPostprocessing = 0;
		};
/* End PBXSourcesBuildPhase section */

/* Begin PBXTargetDependency section */
		8B7CDCF4258FD81D00C6908B /* PBXTargetDependency */ = {
			isa = PBXTargetDependency;
			target = 8B7CDCE1258FD81D00C6908B /* sims (iOS) */;
			targetProxy = 8B7CDCF3258FD81D00C6908B /* PBXContainerItemProxy */;
		};
		8B7CDCFF258FD81D00C6908B /* PBXTargetDependency */ = {
			isa = PBXTargetDependency;
			target = 8B7CDCE9258FD81D00C6908B /* sims (macOS) */;
			targetProxy = 8B7CDCFE258FD81D00C6908B /* PBXContainerItemProxy */;
		};
/* End PBXTargetDependency section */

/* Begin XCBuildConfiguration section */
		8B7CDD0A258FD81D00C6908B /* Debug */ = {
			isa = XCBuildConfiguration;
			buildSettings = {
				ALWAYS_SEARCH_USER_PATHS = NO;
				CLANG_ANALYZER_NONNULL = YES;
				CLANG_ANALYZER_NUMBER_OBJECT_CONVERSION = YES_AGGRESSIVE;
				CLANG_CXX_LANGUAGE_STANDARD = "gnu++14";
				CLANG_CXX_LIBRARY = "libc++";
				CLANG_ENABLE_MODULES = YES;
				CLANG_ENABLE_OBJC_ARC = YES;
				CLANG_ENABLE_OBJC_WEAK = YES;
				CLANG_WARN_BLOCK_CAPTURE_AUTORELEASING = YES;
				CLANG_WARN_BOOL_CONVERSION = YES;
				CLANG_WARN_COMMA = YES;
				CLANG_WARN_CONSTANT_CONVERSION = YES;
				CLANG_WARN_DEPRECATED_OBJC_IMPLEMENTATIONS = YES;
				CLANG_WARN_DIRECT_OBJC_ISA_USAGE = YES_ERROR;
				CLANG_WARN_DOCUMENTATION_COMMENTS = YES;
				CLANG_WARN_EMPTY_BODY = YES;
				CLANG_WARN_ENUM_CONVERSION = YES;
				CLANG_WARN_INFINITE_RECURSION = YES;
				CLANG_WARN_INT_CONVERSION = YES;
				CLANG_WARN_NON_LITERAL_NULL_CONVERSION = YES;
				CLANG_WARN_OBJC_IMPLICIT_RETAIN_SELF = YES;
				CLANG_WARN_OBJC_LITERAL_CONVERSION = YES;
				CLANG_WARN_OBJC_ROOT_CLASS = YES_ERROR;
				CLANG_WARN_QUOTED_INCLUDE_IN_FRAMEWORK_HEADER = YES;
				CLANG_WARN_RANGE_LOOP_ANALYSIS = YES;
				CLANG_WARN_STRICT_PROTOTYPES = YES;
				CLANG_WARN_SUSPICIOUS_MOVE = YES;
				CLANG_WARN_UNGUARDED_AVAILABILITY = YES_AGGRESSIVE;
				CLANG_WARN_UNREACHABLE_CODE = YES;
				CLANG_WARN__DUPLICATE_METHOD_MATCH = YES;
				COPY_PHASE_STRIP = NO;
				DEBUG_INFORMATION_FORMAT = dwarf;
				ENABLE_STRICT_OBJC_MSGSEND = YES;
				ENABLE_TESTABILITY = YES;
				GCC_C_LANGUAGE_STANDARD = gnu11;
				GCC_DYNAMIC_NO_PIC = NO;
				GCC_NO_COMMON_BLOCKS = YES;
				GCC_OPTIMIZATION_LEVEL = 0;
				GCC_PREPROCESSOR_DEFINITIONS = (
					"DEBUG=1",
					"$(inherited)",
				);
				GCC_WARN_64_TO_32_BIT_CONVERSION = YES;
				GCC_WARN_ABOUT_RETURN_TYPE = YES_ERROR;
				GCC_WARN_UNDECLARED_SELECTOR = YES;
				GCC_WARN_UNINITIALIZED_AUTOS = YES_AGGRESSIVE;
				GCC_WARN_UNUSED_FUNCTION = YES;
				GCC_WARN_UNUSED_VARIABLE = YES;
				MTL_ENABLE_DEBUG_INFO = INCLUDE_SOURCE;
				MTL_FAST_MATH = YES;
				ONLY_ACTIVE_ARCH = YES;
				SWIFT_ACTIVE_COMPILATION_CONDITIONS = DEBUG;
				SWIFT_OPTIMIZATION_LEVEL = "-Onone";
			};
			name = Debug;
		};
		8B7CDD0B258FD81D00C6908B /* Release */ = {
			isa = XCBuildConfiguration;
			buildSettings = {
				ALWAYS_SEARCH_USER_PATHS = NO;
				CLANG_ANALYZER_NONNULL = YES;
				CLANG_ANALYZER_NUMBER_OBJECT_CONVERSION = YES_AGGRESSIVE;
				CLANG_CXX_LANGUAGE_STANDARD = "gnu++14";
				CLANG_CXX_LIBRARY = "libc++";
				CLANG_ENABLE_MODULES = YES;
				CLANG_ENABLE_OBJC_ARC = YES;
				CLANG_ENABLE_OBJC_WEAK = YES;
				CLANG_WARN_BLOCK_CAPTURE_AUTORELEASING = YES;
				CLANG_WARN_BOOL_CONVERSION = YES;
				CLANG_WARN_COMMA = YES;
				CLANG_WARN_CONSTANT_CONVERSION = YES;
				CLANG_WARN_DEPRECATED_OBJC_IMPLEMENTATIONS = YES;
				CLANG_WARN_DIRECT_OBJC_ISA_USAGE = YES_ERROR;
				CLANG_WARN_DOCUMENTATION_COMMENTS = YES;
				CLANG_WARN_EMPTY_BODY = YES;
				CLANG_WARN_ENUM_CONVERSION = YES;
				CLANG_WARN_INFINITE_RECURSION = YES;
				CLANG_WARN_INT_CONVERSION = YES;
				CLANG_WARN_NON_LITERAL_NULL_CONVERSION = YES;
				CLANG_WARN_OBJC_IMPLICIT_RETAIN_SELF = YES;
				CLANG_WARN_OBJC_LITERAL_CONVERSION = YES;
				CLANG_WARN_OBJC_ROOT_CLASS = YES_ERROR;
				CLANG_WARN_QUOTED_INCLUDE_IN_FRAMEWORK_HEADER = YES;
				CLANG_WARN_RANGE_LOOP_ANALYSIS = YES;
				CLANG_WARN_STRICT_PROTOTYPES = YES;
				CLANG_WARN_SUSPICIOUS_MOVE = YES;
				CLANG_WARN_UNGUARDED_AVAILABILITY = YES_AGGRESSIVE;
				CLANG_WARN_UNREACHABLE_CODE = YES;
				CLANG_WARN__DUPLICATE_METHOD_MATCH = YES;
				COPY_PHASE_STRIP = NO;
				DEBUG_INFORMATION_FORMAT = "dwarf-with-dsym";
				ENABLE_NS_ASSERTIONS = NO;
				ENABLE_STRICT_OBJC_MSGSEND = YES;
				GCC_C_LANGUAGE_STANDARD = gnu11;
				GCC_NO_COMMON_BLOCKS = YES;
				GCC_WARN_64_TO_32_BIT_CONVERSION = YES;
				GCC_WARN_ABOUT_RETURN_TYPE = YES_ERROR;
				GCC_WARN_UNDECLARED_SELECTOR = YES;
				GCC_WARN_UNINITIALIZED_AUTOS = YES_AGGRESSIVE;
				GCC_WARN_UNUSED_FUNCTION = YES;
				GCC_WARN_UNUSED_VARIABLE = YES;
				MTL_ENABLE_DEBUG_INFO = NO;
				MTL_FAST_MATH = YES;
				SWIFT_COMPILATION_MODE = wholemodule;
				SWIFT_OPTIMIZATION_LEVEL = "-O";
			};
			name = Release;
		};
		8B7CDD0D258FD81D00C6908B /* Debug */ = {
			isa = XCBuildConfiguration;
			buildSettings = {
				ASSETCATALOG_COMPILER_APPICON_NAME = AppIcon;
				ASSETCATALOG_COMPILER_GLOBAL_ACCENT_COLOR_NAME = AccentColor;
				CODE_SIGN_STYLE = Automatic;
				DEVELOPMENT_TEAM = 7GR7A27J66;
				ENABLE_PREVIEWS = YES;
				INFOPLIST_FILE = iOS/Info.plist;
				IPHONEOS_DEPLOYMENT_TARGET = 14.0;
				LD_RUNPATH_SEARCH_PATHS = (
					"$(inherited)",
					"@executable_path/Frameworks",
				);
				PRODUCT_BUNDLE_IDENTIFIER = NASA.sims.kinoshita;
				PRODUCT_NAME = sims;
				SDKROOT = iphoneos;
				SWIFT_VERSION = 5.0;
				TARGETED_DEVICE_FAMILY = "1,2";
			};
			name = Debug;
		};
		8B7CDD0E258FD81D00C6908B /* Release */ = {
			isa = XCBuildConfiguration;
			buildSettings = {
				ASSETCATALOG_COMPILER_APPICON_NAME = AppIcon;
				ASSETCATALOG_COMPILER_GLOBAL_ACCENT_COLOR_NAME = AccentColor;
				CODE_SIGN_STYLE = Automatic;
				DEVELOPMENT_TEAM = 7GR7A27J66;
				ENABLE_PREVIEWS = YES;
				INFOPLIST_FILE = iOS/Info.plist;
				IPHONEOS_DEPLOYMENT_TARGET = 14.0;
				LD_RUNPATH_SEARCH_PATHS = (
					"$(inherited)",
					"@executable_path/Frameworks",
				);
				PRODUCT_BUNDLE_IDENTIFIER = NASA.sims.kinoshita;
				PRODUCT_NAME = sims;
				SDKROOT = iphoneos;
				SWIFT_VERSION = 5.0;
				TARGETED_DEVICE_FAMILY = "1,2";
				VALIDATE_PRODUCT = YES;
			};
			name = Release;
		};
		8B7CDD10258FD81D00C6908B /* Debug */ = {
			isa = XCBuildConfiguration;
			buildSettings = {
				ASSETCATALOG_COMPILER_APPICON_NAME = AppIcon;
				ASSETCATALOG_COMPILER_GLOBAL_ACCENT_COLOR_NAME = AccentColor;
				CODE_SIGN_ENTITLEMENTS = macOS/macOS.entitlements;
				CODE_SIGN_STYLE = Automatic;
				COMBINE_HIDPI_IMAGES = YES;
				DEVELOPMENT_TEAM = JTVV6WYRM9;
				ENABLE_HARDENED_RUNTIME = YES;
				ENABLE_PREVIEWS = YES;
				INFOPLIST_FILE = macOS/Info.plist;
				LD_RUNPATH_SEARCH_PATHS = (
					"$(inherited)",
					"@executable_path/../Frameworks",
				);
				MACOSX_DEPLOYMENT_TARGET = 11.0;
				PRODUCT_BUNDLE_IDENTIFIER = NASA.sims;
				PRODUCT_NAME = sims;
				SDKROOT = macosx;
				SWIFT_VERSION = 5.0;
			};
			name = Debug;
		};
		8B7CDD11258FD81D00C6908B /* Release */ = {
			isa = XCBuildConfiguration;
			buildSettings = {
				ASSETCATALOG_COMPILER_APPICON_NAME = AppIcon;
				ASSETCATALOG_COMPILER_GLOBAL_ACCENT_COLOR_NAME = AccentColor;
				CODE_SIGN_ENTITLEMENTS = macOS/macOS.entitlements;
				CODE_SIGN_STYLE = Automatic;
				COMBINE_HIDPI_IMAGES = YES;
				DEVELOPMENT_TEAM = JTVV6WYRM9;
				ENABLE_HARDENED_RUNTIME = YES;
				ENABLE_PREVIEWS = YES;
				INFOPLIST_FILE = macOS/Info.plist;
				LD_RUNPATH_SEARCH_PATHS = (
					"$(inherited)",
					"@executable_path/../Frameworks",
				);
				MACOSX_DEPLOYMENT_TARGET = 11.0;
				PRODUCT_BUNDLE_IDENTIFIER = NASA.sims;
				PRODUCT_NAME = sims;
				SDKROOT = macosx;
				SWIFT_VERSION = 5.0;
			};
			name = Release;
		};
		8B7CDD13258FD81D00C6908B /* Debug */ = {
			isa = XCBuildConfiguration;
			buildSettings = {
				ALWAYS_EMBED_SWIFT_STANDARD_LIBRARIES = YES;
				CODE_SIGN_STYLE = Automatic;
				DEVELOPMENT_TEAM = JTVV6WYRM9;
				INFOPLIST_FILE = "Tests iOS/Info.plist";
				IPHONEOS_DEPLOYMENT_TARGET = 14.3;
				LD_RUNPATH_SEARCH_PATHS = (
					"$(inherited)",
					"@executable_path/Frameworks",
					"@loader_path/Frameworks",
				);
				PRODUCT_BUNDLE_IDENTIFIER = "NASA.Tests-iOS";
				PRODUCT_NAME = "$(TARGET_NAME)";
				SDKROOT = iphoneos;
				SWIFT_VERSION = 5.0;
				TARGETED_DEVICE_FAMILY = "1,2";
				TEST_TARGET_NAME = "sims (iOS)";
			};
			name = Debug;
		};
		8B7CDD14258FD81D00C6908B /* Release */ = {
			isa = XCBuildConfiguration;
			buildSettings = {
				ALWAYS_EMBED_SWIFT_STANDARD_LIBRARIES = YES;
				CODE_SIGN_STYLE = Automatic;
				DEVELOPMENT_TEAM = JTVV6WYRM9;
				INFOPLIST_FILE = "Tests iOS/Info.plist";
				IPHONEOS_DEPLOYMENT_TARGET = 14.3;
				LD_RUNPATH_SEARCH_PATHS = (
					"$(inherited)",
					"@executable_path/Frameworks",
					"@loader_path/Frameworks",
				);
				PRODUCT_BUNDLE_IDENTIFIER = "NASA.Tests-iOS";
				PRODUCT_NAME = "$(TARGET_NAME)";
				SDKROOT = iphoneos;
				SWIFT_VERSION = 5.0;
				TARGETED_DEVICE_FAMILY = "1,2";
				TEST_TARGET_NAME = "sims (iOS)";
				VALIDATE_PRODUCT = YES;
			};
			name = Release;
		};
		8B7CDD16258FD81D00C6908B /* Debug */ = {
			isa = XCBuildConfiguration;
			buildSettings = {
				ALWAYS_EMBED_SWIFT_STANDARD_LIBRARIES = YES;
				CODE_SIGN_STYLE = Automatic;
				COMBINE_HIDPI_IMAGES = YES;
				DEVELOPMENT_TEAM = JTVV6WYRM9;
				INFOPLIST_FILE = "Tests macOS/Info.plist";
				LD_RUNPATH_SEARCH_PATHS = (
					"$(inherited)",
					"@executable_path/../Frameworks",
					"@loader_path/../Frameworks",
				);
				MACOSX_DEPLOYMENT_TARGET = 10.15;
				PRODUCT_BUNDLE_IDENTIFIER = "NASA.Tests-macOS";
				PRODUCT_NAME = "$(TARGET_NAME)";
				SDKROOT = macosx;
				SWIFT_VERSION = 5.0;
				TEST_TARGET_NAME = "sims (macOS)";
			};
			name = Debug;
		};
		8B7CDD17258FD81D00C6908B /* Release */ = {
			isa = XCBuildConfiguration;
			buildSettings = {
				ALWAYS_EMBED_SWIFT_STANDARD_LIBRARIES = YES;
				CODE_SIGN_STYLE = Automatic;
				COMBINE_HIDPI_IMAGES = YES;
				DEVELOPMENT_TEAM = JTVV6WYRM9;
				INFOPLIST_FILE = "Tests macOS/Info.plist";
				LD_RUNPATH_SEARCH_PATHS = (
					"$(inherited)",
					"@executable_path/../Frameworks",
					"@loader_path/../Frameworks",
				);
				MACOSX_DEPLOYMENT_TARGET = 10.15;
				PRODUCT_BUNDLE_IDENTIFIER = "NASA.Tests-macOS";
				PRODUCT_NAME = "$(TARGET_NAME)";
				SDKROOT = macosx;
				SWIFT_VERSION = 5.0;
				TEST_TARGET_NAME = "sims (macOS)";
			};
			name = Release;
		};
/* End XCBuildConfiguration section */

/* Begin XCConfigurationList section */
		8B7CDCD9258FD81C00C6908B /* Build configuration list for PBXProject "sims" */ = {
			isa = XCConfigurationList;
			buildConfigurations = (
				8B7CDD0A258FD81D00C6908B /* Debug */,
				8B7CDD0B258FD81D00C6908B /* Release */,
			);
			defaultConfigurationIsVisible = 0;
			defaultConfigurationName = Release;
		};
		8B7CDD0C258FD81D00C6908B /* Build configuration list for PBXNativeTarget "sims (iOS)" */ = {
			isa = XCConfigurationList;
			buildConfigurations = (
				8B7CDD0D258FD81D00C6908B /* Debug */,
				8B7CDD0E258FD81D00C6908B /* Release */,
			);
			defaultConfigurationIsVisible = 0;
			defaultConfigurationName = Release;
		};
		8B7CDD0F258FD81D00C6908B /* Build configuration list for PBXNativeTarget "sims (macOS)" */ = {
			isa = XCConfigurationList;
			buildConfigurations = (
				8B7CDD10258FD81D00C6908B /* Debug */,
				8B7CDD11258FD81D00C6908B /* Release */,
			);
			defaultConfigurationIsVisible = 0;
			defaultConfigurationName = Release;
		};
		8B7CDD12258FD81D00C6908B /* Build configuration list for PBXNativeTarget "Tests iOS" */ = {
			isa = XCConfigurationList;
			buildConfigurations = (
				8B7CDD13258FD81D00C6908B /* Debug */,
				8B7CDD14258FD81D00C6908B /* Release */,
			);
			defaultConfigurationIsVisible = 0;
			defaultConfigurationName = Release;
		};
		8B7CDD15258FD81D00C6908B /* Build configuration list for PBXNativeTarget "Tests macOS" */ = {
			isa = XCConfigurationList;
			buildConfigurations = (
				8B7CDD16258FD81D00C6908B /* Debug */,
				8B7CDD17258FD81D00C6908B /* Release */,
			);
			defaultConfigurationIsVisible = 0;
			defaultConfigurationName = Release;
		};
/* End XCConfigurationList section */

/* Begin XCRemoteSwiftPackageReference section */
		8B7CDD1C25916AFE00C6908B /* XCRemoteSwiftPackageReference "ChartView" */ = {
			isa = XCRemoteSwiftPackageReference;
			repositoryURL = "https://github.com/AppPear/ChartView";
			requirement = {
				kind = upToNextMajorVersion;
				minimumVersion = 1.5.4;
			};
		};
		8B7CDD5B259328C600C6908B /* XCRemoteSwiftPackageReference "Alamofire" */ = {
			isa = XCRemoteSwiftPackageReference;
			repositoryURL = "https://github.com/Alamofire/Alamofire";
			requirement = {
				kind = upToNextMajorVersion;
				minimumVersion = 5.4.1;
			};
		};
/* End XCRemoteSwiftPackageReference section */

/* Begin XCSwiftPackageProductDependency section */
		8B7CDD1D25916AFE00C6908B /* SwiftUICharts */ = {
			isa = XCSwiftPackageProductDependency;
			package = 8B7CDD1C25916AFE00C6908B /* XCRemoteSwiftPackageReference "ChartView" */;
			productName = SwiftUICharts;
		};
		8B7CDD5C259328C600C6908B /* Alamofire */ = {
			isa = XCSwiftPackageProductDependency;
			package = 8B7CDD5B259328C600C6908B /* XCRemoteSwiftPackageReference "Alamofire" */;
			productName = Alamofire;
		};
/* End XCSwiftPackageProductDependency section */
	};
	rootObject = 8B7CDCD6258FD81C00C6908B /* Project object */;
}
